
Microsoft Visual Studio Solution File, Format Version 12.00
# Visual Studio Version 16
VisualStudioVersion = 16.0.29306.81
MinimumVisualStudioVersion = 10.0.40219.1
Project("{FAE04EC0-301F-11D3-BF4B-00C04F79EFBC}") = "Waterskibaan", "Waterskibaan\Waterskibaan.csproj", "{8FD828E4-A3FA-4490-A4A3-BE38D4D5C9A8}"
EndProject
Project("{FAE04EC0-301F-11D3-BF4B-00C04F79EFBC}") = "Zwemvest", "Zwemvest\Zwemvest.csproj", "{81B9ADD0-2AEC-47A2-A149-719E81144B87}"
EndProject
Global
	GlobalSection(SolutionConfigurationPlatforms) = preSolution
		Debug|Any CPU = Debug|Any CPU
		Release|Any CPU = Release|Any CPU
	EndGlobalSection
	GlobalSection(ProjectConfigurationPlatforms) = postSolution
		{8FD828E4-A3FA-4490-A4A3-BE38D4D5C9A8}.Debug|Any CPU.ActiveCfg = Debug|Any CPU
		{8FD828E4-A3FA-4490-A4A3-BE38D4D5C9A8}.Debug|Any CPU.Build.0 = Debug|Any CPU
		{8FD828E4-A3FA-4490-A4A3-BE38D4D5C9A8}.Release|Any CPU.ActiveCfg = Release|Any CPU
		{8FD828E4-A3FA-4490-A4A3-BE38D4D5C9A8}.Release|Any CPU.Build.0 = Release|Any CPU
		{81B9ADD0-2AEC-47A2-A149-719E81144B87}.Debug|Any CPU.ActiveCfg = Debug|Any CPU
		{81B9ADD0-2AEC-47A2-A149-719E81144B87}.Debug|Any CPU.Build.0 = Debug|Any CPU
		{81B9ADD0-2AEC-47A2-A149-719E81144B87}.Release|Any CPU.ActiveCfg = Release|Any CPU
		{81B9ADD0-2AEC-47A2-A149-719E81144B87}.Release|Any CPU.Build.0 = Release|Any CPU
	EndGlobalSection
	GlobalSection(SolutionProperties) = preSolution
		HideSolutionNode = FALSE
	EndGlobalSection
	GlobalSection(ExtensibilityGlobals) = postSolution
		SolutionGuid = {FE0121D8-D103-45BB-9FD8-AFE30BAADD79}
	EndGlobalSection
EndGlobal
